
Microsoft Visual Studio Solution File, Format Version 12.00
# Visual Studio Version 17
VisualStudioVersion = 17.14.36811.4
MinimumVisualStudioVersion = 10.0.40219.1
Project("{F184B08F-C81C-45F6-A57F-5ABD9991F28F}") = "TestImportLogFile", "TestImportLogFile\TestImportLogFile.vbproj", "{1F165EC3-47AA-48B2-9A54-2DC5B57B17F1}"
EndProject
Project("{F184B08F-C81C-45F6-A57F-5ABD9991F28F}") = "com.loadstar.disclaimer", "com.loadstar.disclaimer\com.loadstar.disclaimer.vbproj", "{914EE432-5ED1-40A4-91E7-C88DD3A3C969}"
EndProject
Project("{F184B08F-C81C-45F6-A57F-5ABD9991F28F}") = "com.loadstar.utility", "com.loadstar.utility\com.loadstar.utility.vbproj", "{841AE90A-2D46-4B14-8766-AD7BA5C5B231}"
EndProject
Project("{F184B08F-C81C-45F6-A57F-5ABD9991F28F}") = "com.loadstar.universal", "com.loadstar.universal\com.loadstar.universal.vbproj", "{A2DAAE09-6491-42A1-9CF4-B70F63E5F001}"
EndProject
Project("{F184B08F-C81C-45F6-A57F-5ABD9991F28F}") = "LvNumericTextBox", "LvNumericTextBox\LvNumericTextBox.vbproj", "{DCB7D8E6-5742-4214-B1C5-0DB26FFA1C18}"
EndProject
Project("{F184B08F-C81C-45F6-A57F-5ABD9991F28F}") = "ImportLogFiles", "ImportLogFiles\ImportLogFiles.vbproj", "{F6140C75-92BE-487E-B85C-95DC70DCB1CE}"
EndProject
Project("{F184B08F-C81C-45F6-A57F-5ABD9991F28F}") = "RelayInterface", "RelayInterface\RelayInterface.vbproj", "{A2077BD4-2EC8-462B-AC4D-457024061B36}"
EndProject
Project("{F184B08F-C81C-45F6-A57F-5ABD9991F28F}") = "SensorVUE-for-CSM", "ControlVUE\SensorVUE-for-CSM.vbproj", "{63BC3F16-6CE6-47B0-A31E-4A9AC574B912}"
EndProject
Global
	GlobalSection(SolutionConfigurationPlatforms) = preSolution
		Debug|Any CPU = Debug|Any CPU
		Debug|Default = Debug|Default
		Release|Any CPU = Release|Any CPU
		Release|Default = Release|Default
	EndGlobalSection
	GlobalSection(ProjectConfigurationPlatforms) = postSolution
		{1F165EC3-47AA-48B2-9A54-2DC5B57B17F1}.Debug|Any CPU.ActiveCfg = Debug|Any CPU
		{1F165EC3-47AA-48B2-9A54-2DC5B57B17F1}.Debug|Any CPU.Build.0 = Debug|Any CPU
		{1F165EC3-47AA-48B2-9A54-2DC5B57B17F1}.Debug|Default.ActiveCfg = Debug|Any CPU
		{1F165EC3-47AA-48B2-9A54-2DC5B57B17F1}.Debug|Default.Build.0 = Debug|Any CPU
		{1F165EC3-47AA-48B2-9A54-2DC5B57B17F1}.Release|Any CPU.ActiveCfg = Release|Any CPU
		{1F165EC3-47AA-48B2-9A54-2DC5B57B17F1}.Release|Any CPU.Build.0 = Release|Any CPU
		{1F165EC3-47AA-48B2-9A54-2DC5B57B17F1}.Release|Default.ActiveCfg = Release|Any CPU
		{1F165EC3-47AA-48B2-9A54-2DC5B57B17F1}.Release|Default.Build.0 = Release|Any CPU
		{914EE432-5ED1-40A4-91E7-C88DD3A3C969}.Debug|Any CPU.ActiveCfg = Debug|Any CPU
		{914EE432-5ED1-40A4-91E7-C88DD3A3C969}.Debug|Any CPU.Build.0 = Debug|Any CPU
		{914EE432-5ED1-40A4-91E7-C88DD3A3C969}.Debug|Default.ActiveCfg = Debug|Any CPU
		{914EE432-5ED1-40A4-91E7-C88DD3A3C969}.Debug|Default.Build.0 = Debug|Any CPU
		{914EE432-5ED1-40A4-91E7-C88DD3A3C969}.Release|Any CPU.ActiveCfg = Release|Any CPU
		{914EE432-5ED1-40A4-91E7-C88DD3A3C969}.Release|Any CPU.Build.0 = Release|Any CPU
		{914EE432-5ED1-40A4-91E7-C88DD3A3C969}.Release|Default.ActiveCfg = Release|Any CPU
		{914EE432-5ED1-40A4-91E7-C88DD3A3C969}.Release|Default.Build.0 = Release|Any CPU
		{841AE90A-2D46-4B14-8766-AD7BA5C5B231}.Debug|Any CPU.ActiveCfg = Debug|Any CPU
		{841AE90A-2D46-4B14-8766-AD7BA5C5B231}.Debug|Any CPU.Build.0 = Debug|Any CPU
		{841AE90A-2D46-4B14-8766-AD7BA5C5B231}.Debug|Default.ActiveCfg = Debug|Any CPU
		{841AE90A-2D46-4B14-8766-AD7BA5C5B231}.Debug|Default.Build.0 = Debug|Any CPU
		{841AE90A-2D46-4B14-8766-AD7BA5C5B231}.Release|Any CPU.ActiveCfg = Release|Any CPU
		{841AE90A-2D46-4B14-8766-AD7BA5C5B231}.Release|Any CPU.Build.0 = Release|Any CPU
		{841AE90A-2D46-4B14-8766-AD7BA5C5B231}.Release|Default.ActiveCfg = Release|Any CPU
		{841AE90A-2D46-4B14-8766-AD7BA5C5B231}.Release|Default.Build.0 = Release|Any CPU
		{A2DAAE09-6491-42A1-9CF4-B70F63E5F001}.Debug|Any CPU.ActiveCfg = Debug|Any CPU
		{A2DAAE09-6491-42A1-9CF4-B70F63E5F001}.Debug|Any CPU.Build.0 = Debug|Any CPU
		{A2DAAE09-6491-42A1-9CF4-B70F63E5F001}.Debug|Default.ActiveCfg = Debug|Any CPU
		{A2DAAE09-6491-42A1-9CF4-B70F63E5F001}.Debug|Default.Build.0 = Debug|Any CPU
		{A2DAAE09-6491-42A1-9CF4-B70F63E5F001}.Release|Any CPU.ActiveCfg = Release|Any CPU
		{A2DAAE09-6491-42A1-9CF4-B70F63E5F001}.Release|Any CPU.Build.0 = Release|Any CPU
		{A2DAAE09-6491-42A1-9CF4-B70F63E5F001}.Release|Default.ActiveCfg = Release|Any CPU
		{A2DAAE09-6491-42A1-9CF4-B70F63E5F001}.Release|Default.Build.0 = Release|Any CPU
		{DCB7D8E6-5742-4214-B1C5-0DB26FFA1C18}.Debug|Any CPU.ActiveCfg = Debug|Any CPU
		{DCB7D8E6-5742-4214-B1C5-0DB26FFA1C18}.Debug|Any CPU.Build.0 = Debug|Any CPU
		{DCB7D8E6-5742-4214-B1C5-0DB26FFA1C18}.Debug|Default.ActiveCfg = Debug|Any CPU
		{DCB7D8E6-5742-4214-B1C5-0DB26FFA1C18}.Debug|Default.Build.0 = Debug|Any CPU
		{DCB7D8E6-5742-4214-B1C5-0DB26FFA1C18}.Release|Any CPU.ActiveCfg = Release|Any CPU
		{DCB7D8E6-5742-4214-B1C5-0DB26FFA1C18}.Release|Any CPU.Build.0 = Release|Any CPU
		{DCB7D8E6-5742-4214-B1C5-0DB26FFA1C18}.Release|Default.ActiveCfg = Release|Any CPU
		{DCB7D8E6-5742-4214-B1C5-0DB26FFA1C18}.Release|Default.Build.0 = Release|Any CPU
		{F6140C75-92BE-487E-B85C-95DC70DCB1CE}.Debug|Any CPU.ActiveCfg = Debug|Any CPU
		{F6140C75-92BE-487E-B85C-95DC70DCB1CE}.Debug|Any CPU.Build.0 = Debug|Any CPU
		{F6140C75-92BE-487E-B85C-95DC70DCB1CE}.Debug|Default.ActiveCfg = Debug|Any CPU
		{F6140C75-92BE-487E-B85C-95DC70DCB1CE}.Debug|Default.Build.0 = Debug|Any CPU
		{F6140C75-92BE-487E-B85C-95DC70DCB1CE}.Release|Any CPU.ActiveCfg = Release|Any CPU
		{F6140C75-92BE-487E-B85C-95DC70DCB1CE}.Release|Any CPU.Build.0 = Release|Any CPU
		{F6140C75-92BE-487E-B85C-95DC70DCB1CE}.Release|Default.ActiveCfg = Release|Any CPU
		{F6140C75-92BE-487E-B85C-95DC70DCB1CE}.Release|Default.Build.0 = Release|Any CPU
		{A2077BD4-2EC8-462B-AC4D-457024061B36}.Debug|Any CPU.ActiveCfg = Debug|Any CPU
		{A2077BD4-2EC8-462B-AC4D-457024061B36}.Debug|Any CPU.Build.0 = Debug|Any CPU
		{A2077BD4-2EC8-462B-AC4D-457024061B36}.Debug|Default.ActiveCfg = Debug|Any CPU
		{A2077BD4-2EC8-462B-AC4D-457024061B36}.Debug|Default.Build.0 = Debug|Any CPU
		{A2077BD4-2EC8-462B-AC4D-457024061B36}.Release|Any CPU.ActiveCfg = Release|Any CPU
		{A2077BD4-2EC8-462B-AC4D-457024061B36}.Release|Any CPU.Build.0 = Release|Any CPU
		{A2077BD4-2EC8-462B-AC4D-457024061B36}.Release|Default.ActiveCfg = Release|Any CPU
		{A2077BD4-2EC8-462B-AC4D-457024061B36}.Release|Default.Build.0 = Release|Any CPU
		{63BC3F16-6CE6-47B0-A31E-4A9AC574B912}.Debug|Any CPU.ActiveCfg = Debug|Any CPU
		{63BC3F16-6CE6-47B0-A31E-4A9AC574B912}.Debug|Any CPU.Build.0 = Debug|Any CPU
		{63BC3F16-6CE6-47B0-A31E-4A9AC574B912}.Debug|Default.ActiveCfg = Debug|Any CPU
		{63BC3F16-6CE6-47B0-A31E-4A9AC574B912}.Debug|Default.Build.0 = Debug|Any CPU
		{63BC3F16-6CE6-47B0-A31E-4A9AC574B912}.Release|Any CPU.ActiveCfg = Release|Any CPU
		{63BC3F16-6CE6-47B0-A31E-4A9AC574B912}.Release|Any CPU.Build.0 = Release|Any CPU
		{63BC3F16-6CE6-47B0-A31E-4A9AC574B912}.Release|Default.ActiveCfg = Release|Any CPU
		{63BC3F16-6CE6-47B0-A31E-4A9AC574B912}.Release|Default.Build.0 = Release|Any CPU
	EndGlobalSection
	GlobalSection(SolutionProperties) = preSolution
		HideSolutionNode = FALSE
	EndGlobalSection
	GlobalSection(ExtensibilityGlobals) = postSolution
		SolutionGuid = {7CF36F56-9030-4D9C-85AB-DD95627F9A53}
	EndGlobalSection
	GlobalSection(SolutionConfigurationPlatforms) = preSolution
		Debug|Any CPU = Debug|Any CPU
		Debug|Default = Debug|Default
		Release|Any CPU = Release|Any CPU
		Release|Default = Release|Default
	EndGlobalSection
	GlobalSection(SolutionConfigurationPlatforms) = preSolution
		Debug|Any CPU = Debug|Any CPU
		Debug|Default = Debug|Default
		Release|Any CPU = Release|Any CPU
		Release|Default = Release|Default
	EndGlobalSection
EndGlobal
